{
  "version": 4,
  "terraform_version": "1.4.7",
  "serial": 134,
  "lineage": "c86cb2ed-a167-3d1d-17b1-83066c0f31db",
  "outputs": {
    "sg_id": {
      "value": "sg-01009f9cb580d1062",
      "type": "string"
    },
    "vpc_arn": {
      "value": "arn:aws:ec2:us-east-1:431734419849:vpc/vpc-0f57ab910dc5fe342",
      "type": "string"
    },
    "vpc_id": {
      "value": "vpc-0f57ab910dc5fe342",
      "type": "string"
    }
  },
  "resources": [
    {
      "mode": "data",
      "type": "aws_route_table",
      "name": "ansible_vpc_rt",
      "provider": "provider[\"registry.terraform.io/hashicorp/aws\"]",
      "instances": [
        {
          "schema_version": 0,
          "attributes": {
            "arn": "arn:aws:ec2:us-east-1:431734419849:route-table/rtb-0e5399bb050adc46a",
            "associations": [
              {
                "gateway_id": "",
                "main": false,
                "route_table_association_id": "rtbassoc-046211288d654ee18",
                "route_table_id": "rtb-0e5399bb050adc46a",
                "subnet_id": "subnet-024d0045084a503d6"
              }
            ],
            "filter": null,
            "gateway_id": null,
            "id": "rtb-0e5399bb050adc46a",
            "owner_id": "431734419849",
            "route_table_id": "rtb-0e5399bb050adc46a",
            "routes": [
              {
                "carrier_gateway_id": "",
                "cidr_block": "10.35.0.0/16",
                "core_network_arn": "",
                "destination_prefix_list_id": "",
                "egress_only_gateway_id": "",
                "gateway_id": "",
                "instance_id": "",
                "ipv6_cidr_block": "",
                "local_gateway_id": "",
                "nat_gateway_id": "",
                "network_interface_id": "",
                "transit_gateway_id": "",
                "vpc_endpoint_id": "",
                "vpc_peering_connection_id": "pcx-0ec26e006974805d3"
              },
              {
                "carrier_gateway_id": "",
                "cidr_block": "0.0.0.0/0",
                "core_network_arn": "",
                "destination_prefix_list_id": "",
                "egress_only_gateway_id": "",
                "gateway_id": "igw-0e07033d9aa6e7c79",
                "instance_id": "",
                "ipv6_cidr_block": "",
                "local_gateway_id": "",
                "nat_gateway_id": "",
                "network_interface_id": "",
                "transit_gateway_id": "",
                "vpc_endpoint_id": "",
                "vpc_peering_connection_id": ""
              }
            ],
            "subnet_id": "subnet-024d0045084a503d6",
            "tags": {
              "Name": "k8mgmtserver-rtb-public"
            },
            "timeouts": null,
            "vpc_id": "vpc-04ff6b7616ee32e53"
          },
          "sensitive_attributes": []
        }
      ]
    },
    {
      "mode": "data",
      "type": "aws_vpc",
      "name": "ansible_vpc",
      "provider": "provider[\"registry.terraform.io/hashicorp/aws\"]",
      "instances": [
        {
          "schema_version": 0,
          "attributes": {
            "arn": "arn:aws:ec2:us-east-1:431734419849:vpc/vpc-04ff6b7616ee32e53",
            "cidr_block": "10.0.0.0/16",
            "cidr_block_associations": [
              {
                "association_id": "vpc-cidr-assoc-0fc515bb5c7d0f249",
                "cidr_block": "10.0.0.0/16",
                "state": "associated"
              }
            ],
            "default": false,
            "dhcp_options_id": "dopt-06804edc1f254429e",
            "enable_dns_hostnames": true,
            "enable_dns_support": true,
            "enable_network_address_usage_metrics": false,
            "filter": null,
            "id": "vpc-04ff6b7616ee32e53",
            "instance_tenancy": "default",
            "ipv6_association_id": "",
            "ipv6_cidr_block": "",
            "main_route_table_id": "rtb-0fc644b5a68b9d2d3",
            "owner_id": "431734419849",
            "state": null,
            "tags": {
              "Name": "k8mgmtserver-vpc"
            },
            "timeouts": null
          },
          "sensitive_attributes": []
        }
      ]
    },
    {
      "mode": "managed",
      "type": "aws_instance",
      "name": "webservers",
      "provider": "provider[\"registry.terraform.io/hashicorp/aws\"]",
      "instances": [
        {
          "index_key": 0,
          "schema_version": 1,
          "attributes": {
            "ami": "ami-0261755bbcb8c4a84",
            "arn": "arn:aws:ec2:us-east-1:431734419849:instance/i-08eedda2f0b275bb3",
            "associate_public_ip_address": true,
            "availability_zone": "us-east-1a",
            "capacity_reservation_specification": [
              {
                "capacity_reservation_preference": "open",
                "capacity_reservation_target": []
              }
            ],
            "cpu_core_count": 1,
            "cpu_options": [
              {
                "amd_sev_snp": "",
                "core_count": 1,
                "threads_per_core": 1
              }
            ],
            "cpu_threads_per_core": 1,
            "credit_specification": [
              {
                "cpu_credits": "standard"
              }
            ],
            "disable_api_stop": false,
            "disable_api_termination": false,
            "ebs_block_device": [],
            "ebs_optimized": false,
            "enclave_options": [
              {
                "enabled": false
              }
            ],
            "ephemeral_block_device": [],
            "get_password_data": false,
            "hibernation": false,
            "host_id": "",
            "host_resource_group_arn": null,
            "iam_instance_profile": "",
            "id": "i-08eedda2f0b275bb3",
            "instance_initiated_shutdown_behavior": "stop",
            "instance_lifecycle": "",
            "instance_market_options": [],
            "instance_state": "running",
            "instance_type": "t2.micro",
            "ipv6_address_count": 0,
            "ipv6_addresses": [],
            "key_name": "laptop",
            "launch_template": [],
            "maintenance_options": [
              {
                "auto_recovery": "default"
              }
            ],
            "metadata_options": [
              {
                "http_endpoint": "enabled",
                "http_protocol_ipv6": "disabled",
                "http_put_response_hop_limit": 1,
                "http_tokens": "optional",
                "instance_metadata_tags": "disabled"
              }
            ],
            "monitoring": false,
            "network_interface": [],
            "outpost_arn": "",
            "password_data": "",
            "placement_group": "",
            "placement_partition_number": 0,
            "primary_network_interface_id": "eni-0550f5fd2ed31a11b",
            "private_dns": "ip-10-35-1-194.ec2.internal",
            "private_dns_name_options": [
              {
                "enable_resource_name_dns_a_record": false,
                "enable_resource_name_dns_aaaa_record": false,
                "hostname_type": "ip-name"
              }
            ],
            "private_ip": "10.35.1.194",
            "public_dns": "ec2-3-239-42-65.compute-1.amazonaws.com",
            "public_ip": "3.239.42.65",
            "root_block_device": [
              {
                "delete_on_termination": true,
                "device_name": "/dev/sda1",
                "encrypted": false,
                "iops": 100,
                "kms_key_id": "",
                "tags": {},
                "throughput": 0,
                "volume_id": "vol-04bf5e916439cfb8b",
                "volume_size": 8,
                "volume_type": "gp2"
              }
            ],
            "secondary_private_ips": [],
            "security_groups": [],
            "source_dest_check": true,
            "spot_instance_request_id": "",
            "subnet_id": "subnet-0874cb7c4c76e838f",
            "tags": {
              "Env": "production",
              "Name": "DevSecOpsB35-PublicServer-1",
              "ProjectID": "devsecopsb35-phoenix-123",
              "Terraform-Managed": "Yes"
            },
            "tags_all": {
              "Env": "production",
              "Name": "DevSecOpsB35-PublicServer-1",
              "ProjectID": "devsecopsb35-phoenix-123",
              "Terraform-Managed": "Yes"
            },
            "tenancy": "default",
            "timeouts": null,
            "user_data": null,
            "user_data_base64": null,
            "user_data_replace_on_change": false,
            "volume_tags": null,
            "vpc_security_group_ids": [
              "sg-01009f9cb580d1062"
            ]
          },
          "sensitive_attributes": [],
          "private": "eyJlMmJmYjczMC1lY2FhLTExZTYtOGY4OC0zNDM2M2JjN2M0YzAiOnsiY3JlYXRlIjo2MDAwMDAwMDAwMDAsImRlbGV0ZSI6MTIwMDAwMDAwMDAwMCwidXBkYXRlIjo2MDAwMDAwMDAwMDB9LCJzY2hlbWFfdmVyc2lvbiI6IjEifQ==",
          "dependencies": [
            "aws_security_group.allow_all",
            "aws_subnet.public-subnets",
            "aws_vpc.default"
          ]
        },
        {
          "index_key": 1,
          "schema_version": 1,
          "attributes": {
            "ami": "ami-0261755bbcb8c4a84",
            "arn": "arn:aws:ec2:us-east-1:431734419849:instance/i-0cb1782825b0bd1fd",
            "associate_public_ip_address": true,
            "availability_zone": "us-east-1b",
            "capacity_reservation_specification": [
              {
                "capacity_reservation_preference": "open",
                "capacity_reservation_target": []
              }
            ],
            "cpu_core_count": 1,
            "cpu_options": [
              {
                "amd_sev_snp": "",
                "core_count": 1,
                "threads_per_core": 1
              }
            ],
            "cpu_threads_per_core": 1,
            "credit_specification": [
              {
                "cpu_credits": "standard"
              }
            ],
            "disable_api_stop": false,
            "disable_api_termination": false,
            "ebs_block_device": [],
            "ebs_optimized": false,
            "enclave_options": [
              {
                "enabled": false
              }
            ],
            "ephemeral_block_device": [],
            "get_password_data": false,
            "hibernation": false,
            "host_id": "",
            "host_resource_group_arn": null,
            "iam_instance_profile": "",
            "id": "i-0cb1782825b0bd1fd",
            "instance_initiated_shutdown_behavior": "stop",
            "instance_lifecycle": "",
            "instance_market_options": [],
            "instance_state": "running",
            "instance_type": "t2.micro",
            "ipv6_address_count": 0,
            "ipv6_addresses": [],
            "key_name": "laptop",
            "launch_template": [],
            "maintenance_options": [
              {
                "auto_recovery": "default"
              }
            ],
            "metadata_options": [
              {
                "http_endpoint": "enabled",
                "http_protocol_ipv6": "disabled",
                "http_put_response_hop_limit": 1,
                "http_tokens": "optional",
                "instance_metadata_tags": "disabled"
              }
            ],
            "monitoring": false,
            "network_interface": [],
            "outpost_arn": "",
            "password_data": "",
            "placement_group": "",
            "placement_partition_number": 0,
            "primary_network_interface_id": "eni-00bf2c908b032ec6c",
            "private_dns": "ip-10-35-2-114.ec2.internal",
            "private_dns_name_options": [
              {
                "enable_resource_name_dns_a_record": false,
                "enable_resource_name_dns_aaaa_record": false,
                "hostname_type": "ip-name"
              }
            ],
            "private_ip": "10.35.2.114",
            "public_dns": "ec2-54-226-209-133.compute-1.amazonaws.com",
            "public_ip": "54.226.209.133",
            "root_block_device": [
              {
                "delete_on_termination": true,
                "device_name": "/dev/sda1",
                "encrypted": false,
                "iops": 100,
                "kms_key_id": "",
                "tags": {},
                "throughput": 0,
                "volume_id": "vol-0b2f54399cbedb037",
                "volume_size": 8,
                "volume_type": "gp2"
              }
            ],
            "secondary_private_ips": [],
            "security_groups": [],
            "source_dest_check": true,
            "spot_instance_request_id": "",
            "subnet_id": "subnet-017582eee28d76ef7",
            "tags": {
              "Env": "production",
              "Name": "DevSecOpsB35-PublicServer-2",
              "ProjectID": "devsecopsb35-phoenix-123",
              "Terraform-Managed": "Yes"
            },
            "tags_all": {
              "Env": "production",
              "Name": "DevSecOpsB35-PublicServer-2",
              "ProjectID": "devsecopsb35-phoenix-123",
              "Terraform-Managed": "Yes"
            },
            "tenancy": "default",
            "timeouts": null,
            "user_data": null,
            "user_data_base64": null,
            "user_data_replace_on_change": false,
            "volume_tags": null,
            "vpc_security_group_ids": [
              "sg-01009f9cb580d1062"
            ]
          },
          "sensitive_attributes": [],
          "private": "eyJlMmJmYjczMC1lY2FhLTExZTYtOGY4OC0zNDM2M2JjN2M0YzAiOnsiY3JlYXRlIjo2MDAwMDAwMDAwMDAsImRlbGV0ZSI6MTIwMDAwMDAwMDAwMCwidXBkYXRlIjo2MDAwMDAwMDAwMDB9LCJzY2hlbWFfdmVyc2lvbiI6IjEifQ==",
          "dependencies": [
            "aws_security_group.allow_all",
            "aws_subnet.public-subnets",
            "aws_vpc.default"
          ]
        },
        {
          "index_key": 2,
          "schema_version": 1,
          "attributes": {
            "ami": "ami-0261755bbcb8c4a84",
            "arn": "arn:aws:ec2:us-east-1:431734419849:instance/i-006e2308370ab635b",
            "associate_public_ip_address": true,
            "availability_zone": "us-east-1c",
            "capacity_reservation_specification": [
              {
                "capacity_reservation_preference": "open",
                "capacity_reservation_target": []
              }
            ],
            "cpu_core_count": 1,
            "cpu_options": [
              {
                "amd_sev_snp": "",
                "core_count": 1,
                "threads_per_core": 1
              }
            ],
            "cpu_threads_per_core": 1,
            "credit_specification": [
              {
                "cpu_credits": "standard"
              }
            ],
            "disable_api_stop": false,
            "disable_api_termination": false,
            "ebs_block_device": [],
            "ebs_optimized": false,
            "enclave_options": [
              {
                "enabled": false
              }
            ],
            "ephemeral_block_device": [],
            "get_password_data": false,
            "hibernation": false,
            "host_id": "",
            "host_resource_group_arn": null,
            "iam_instance_profile": "",
            "id": "i-006e2308370ab635b",
            "instance_initiated_shutdown_behavior": "stop",
            "instance_lifecycle": "",
            "instance_market_options": [],
            "instance_state": "running",
            "instance_type": "t2.micro",
            "ipv6_address_count": 0,
            "ipv6_addresses": [],
            "key_name": "laptop",
            "launch_template": [],
            "maintenance_options": [
              {
                "auto_recovery": "default"
              }
            ],
            "metadata_options": [
              {
                "http_endpoint": "enabled",
                "http_protocol_ipv6": "disabled",
                "http_put_response_hop_limit": 1,
                "http_tokens": "optional",
                "instance_metadata_tags": "disabled"
              }
            ],
            "monitoring": false,
            "network_interface": [],
            "outpost_arn": "",
            "password_data": "",
            "placement_group": "",
            "placement_partition_number": 0,
            "primary_network_interface_id": "eni-08829dbce2426424a",
            "private_dns": "ip-10-35-3-184.ec2.internal",
            "private_dns_name_options": [
              {
                "enable_resource_name_dns_a_record": false,
                "enable_resource_name_dns_aaaa_record": false,
                "hostname_type": "ip-name"
              }
            ],
            "private_ip": "10.35.3.184",
            "public_dns": "ec2-3-95-211-96.compute-1.amazonaws.com",
            "public_ip": "3.95.211.96",
            "root_block_device": [
              {
                "delete_on_termination": true,
                "device_name": "/dev/sda1",
                "encrypted": false,
                "iops": 100,
                "kms_key_id": "",
                "tags": {},
                "throughput": 0,
                "volume_id": "vol-043a6e2a495a026a8",
                "volume_size": 8,
                "volume_type": "gp2"
              }
            ],
            "secondary_private_ips": [],
            "security_groups": [],
            "source_dest_check": true,
            "spot_instance_request_id": "",
            "subnet_id": "subnet-04947941284a16acf",
            "tags": {
              "Env": "production",
              "Name": "DevSecOpsB35-PublicServer-3",
              "ProjectID": "devsecopsb35-phoenix-123",
              "Terraform-Managed": "Yes"
            },
            "tags_all": {
              "Env": "production",
              "Name": "DevSecOpsB35-PublicServer-3",
              "ProjectID": "devsecopsb35-phoenix-123",
              "Terraform-Managed": "Yes"
            },
            "tenancy": "default",
            "timeouts": null,
            "user_data": null,
            "user_data_base64": null,
            "user_data_replace_on_change": false,
            "volume_tags": null,
            "vpc_security_group_ids": [
              "sg-01009f9cb580d1062"
            ]
          },
          "sensitive_attributes": [],
          "private": "eyJlMmJmYjczMC1lY2FhLTExZTYtOGY4OC0zNDM2M2JjN2M0YzAiOnsiY3JlYXRlIjo2MDAwMDAwMDAwMDAsImRlbGV0ZSI6MTIwMDAwMDAwMDAwMCwidXBkYXRlIjo2MDAwMDAwMDAwMDB9LCJzY2hlbWFfdmVyc2lvbiI6IjEifQ==",
          "dependencies": [
            "aws_security_group.allow_all",
            "aws_subnet.public-subnets",
            "aws_vpc.default"
          ]
        }
      ]
    },
    {
      "mode": "managed",
      "type": "aws_internet_gateway",
      "name": "default",
      "provider": "provider[\"registry.terraform.io/hashicorp/aws\"]",
      "instances": [
        {
          "schema_version": 0,
          "attributes": {
            "arn": "arn:aws:ec2:us-east-1:431734419849:internet-gateway/igw-0c0bb5162dc16b66b",
            "id": "igw-0c0bb5162dc16b66b",
            "owner_id": "431734419849",
            "tags": {
              "Env": "production",
              "Name": "DevSecOpsB35-IGW",
              "ProjectID": "devsecopsb35-phoenix-123",
              "Terraform-Managed": "Yes"
            },
            "tags_all": {
              "Env": "production",
              "Name": "DevSecOpsB35-IGW",
              "ProjectID": "devsecopsb35-phoenix-123",
              "Terraform-Managed": "Yes"
            },
            "timeouts": null,
            "vpc_id": "vpc-0f57ab910dc5fe342"
          },
          "sensitive_attributes": [],
          "private": "eyJlMmJmYjczMC1lY2FhLTExZTYtOGY4OC0zNDM2M2JjN2M0YzAiOnsiY3JlYXRlIjoxMjAwMDAwMDAwMDAwLCJkZWxldGUiOjEyMDAwMDAwMDAwMDAsInVwZGF0ZSI6MTIwMDAwMDAwMDAwMH19",
          "dependencies": [
            "aws_vpc.default"
          ]
        }
      ]
    },
    {
      "mode": "managed",
      "type": "aws_route",
      "name": "peering",
      "provider": "provider[\"registry.terraform.io/hashicorp/aws\"]",
      "instances": [
        {
          "schema_version": 0,
          "attributes": {
            "carrier_gateway_id": "",
            "core_network_arn": "",
            "destination_cidr_block": "10.0.0.0/16",
            "destination_ipv6_cidr_block": "",
            "destination_prefix_list_id": "",
            "egress_only_gateway_id": "",
            "gateway_id": "",
            "id": "r-rtb-0078d0d1cc0218984179966490",
            "instance_id": "",
            "instance_owner_id": "",
            "local_gateway_id": "",
            "nat_gateway_id": "",
            "network_interface_id": "",
            "origin": "CreateRoute",
            "route_table_id": "rtb-0078d0d1cc0218984",
            "state": "active",
            "timeouts": null,
            "transit_gateway_id": "",
            "vpc_endpoint_id": "",
            "vpc_peering_connection_id": "pcx-0ec26e006974805d3"
          },
          "sensitive_attributes": [],
          "private": "eyJlMmJmYjczMC1lY2FhLTExZTYtOGY4OC0zNDM2M2JjN2M0YzAiOnsiY3JlYXRlIjozMDAwMDAwMDAwMDAsImRlbGV0ZSI6MzAwMDAwMDAwMDAwLCJ1cGRhdGUiOjEyMDAwMDAwMDAwMH19",
          "dependencies": [
            "aws_route_table.terraform-public",
            "aws_vpc_peering_connection.foo"
          ]
        }
      ]
    },
    {
      "mode": "managed",
      "type": "aws_route",
      "name": "peeringfromansible",
      "provider": "provider[\"registry.terraform.io/hashicorp/aws\"]",
      "instances": [
        {
          "schema_version": 0,
          "attributes": {
            "carrier_gateway_id": "",
            "core_network_arn": "",
            "destination_cidr_block": "10.35.0.0/16",
            "destination_ipv6_cidr_block": "",
            "destination_prefix_list_id": "",
            "egress_only_gateway_id": "",
            "gateway_id": "",
            "id": "r-rtb-0e5399bb050adc46a2028132907",
            "instance_id": "",
            "instance_owner_id": "",
            "local_gateway_id": "",
            "nat_gateway_id": "",
            "network_interface_id": "",
            "origin": "CreateRoute",
            "route_table_id": "rtb-0e5399bb050adc46a",
            "state": "active",
            "timeouts": null,
            "transit_gateway_id": "",
            "vpc_endpoint_id": "",
            "vpc_peering_connection_id": "pcx-0ec26e006974805d3"
          },
          "sensitive_attributes": [],
          "private": "eyJlMmJmYjczMC1lY2FhLTExZTYtOGY4OC0zNDM2M2JjN2M0YzAiOnsiY3JlYXRlIjozMDAwMDAwMDAwMDAsImRlbGV0ZSI6MzAwMDAwMDAwMDAwLCJ1cGRhdGUiOjEyMDAwMDAwMDAwMH19",
          "dependencies": [
            "aws_internet_gateway.default",
            "aws_route_table.terraform-public",
            "aws_vpc.default",
            "aws_vpc_peering_connection.foo",
            "data.aws_route_table.ansible_vpc_rt",
            "data.aws_vpc.ansible_vpc"
          ]
        }
      ]
    },
    {
      "mode": "managed",
      "type": "aws_route_table",
      "name": "terraform-private",
      "provider": "provider[\"registry.terraform.io/hashicorp/aws\"]",
      "instances": [
        {
          "schema_version": 0,
          "attributes": {
            "arn": "arn:aws:ec2:us-east-1:431734419849:route-table/rtb-0745506e8d349c23b",
            "id": "rtb-0745506e8d349c23b",
            "owner_id": "431734419849",
            "propagating_vgws": [],
            "route": [],
            "tags": {
              "Env": "production",
              "Name": "DevSecOpsB35-Private-RT",
              "ProjectID": "devsecopsb35-phoenix-123",
              "Terraform-Managed": "Yes"
            },
            "tags_all": {
              "Env": "production",
              "Name": "DevSecOpsB35-Private-RT",
              "ProjectID": "devsecopsb35-phoenix-123",
              "Terraform-Managed": "Yes"
            },
            "timeouts": null,
            "vpc_id": "vpc-0f57ab910dc5fe342"
          },
          "sensitive_attributes": [],
          "private": "eyJlMmJmYjczMC1lY2FhLTExZTYtOGY4OC0zNDM2M2JjN2M0YzAiOnsiY3JlYXRlIjozMDAwMDAwMDAwMDAsImRlbGV0ZSI6MzAwMDAwMDAwMDAwLCJ1cGRhdGUiOjEyMDAwMDAwMDAwMH19",
          "dependencies": [
            "aws_vpc.default"
          ]
        }
      ]
    },
    {
      "mode": "managed",
      "type": "aws_route_table",
      "name": "terraform-public",
      "provider": "provider[\"registry.terraform.io/hashicorp/aws\"]",
      "instances": [
        {
          "schema_version": 0,
          "attributes": {
            "arn": "arn:aws:ec2:us-east-1:431734419849:route-table/rtb-0078d0d1cc0218984",
            "id": "rtb-0078d0d1cc0218984",
            "owner_id": "431734419849",
            "propagating_vgws": [],
            "route": [
              {
                "carrier_gateway_id": "",
                "cidr_block": "0.0.0.0/0",
                "core_network_arn": "",
                "destination_prefix_list_id": "",
                "egress_only_gateway_id": "",
                "gateway_id": "igw-0c0bb5162dc16b66b",
                "ipv6_cidr_block": "",
                "local_gateway_id": "",
                "nat_gateway_id": "",
                "network_interface_id": "",
                "transit_gateway_id": "",
                "vpc_endpoint_id": "",
                "vpc_peering_connection_id": ""
              }
            ],
            "tags": {
              "Env": "production",
              "Name": "DevSecOpsB35-MAIN-RT",
              "ProjectID": "devsecopsb35-phoenix-123",
              "Terraform-Managed": "Yes"
            },
            "tags_all": {
              "Env": "production",
              "Name": "DevSecOpsB35-MAIN-RT",
              "ProjectID": "devsecopsb35-phoenix-123",
              "Terraform-Managed": "Yes"
            },
            "timeouts": null,
            "vpc_id": "vpc-0f57ab910dc5fe342"
          },
          "sensitive_attributes": [],
          "private": "eyJlMmJmYjczMC1lY2FhLTExZTYtOGY4OC0zNDM2M2JjN2M0YzAiOnsiY3JlYXRlIjozMDAwMDAwMDAwMDAsImRlbGV0ZSI6MzAwMDAwMDAwMDAwLCJ1cGRhdGUiOjEyMDAwMDAwMDAwMH19",
          "dependencies": [
            "aws_internet_gateway.default",
            "aws_vpc.default"
          ]
        }
      ]
    },
    {
      "mode": "managed",
      "type": "aws_route_table_association",
      "name": "terraform-private",
      "provider": "provider[\"registry.terraform.io/hashicorp/aws\"]",
      "instances": [
        {
          "index_key": 0,
          "schema_version": 0,
          "attributes": {
            "gateway_id": "",
            "id": "rtbassoc-00341f7e664d286b7",
            "route_table_id": "rtb-0745506e8d349c23b",
            "subnet_id": "subnet-0d89fb5a3f9bdf909",
            "timeouts": null
          },
          "sensitive_attributes": [],
          "private": "eyJlMmJmYjczMC1lY2FhLTExZTYtOGY4OC0zNDM2M2JjN2M0YzAiOnsiY3JlYXRlIjozMDAwMDAwMDAwMDAsImRlbGV0ZSI6MzAwMDAwMDAwMDAwLCJ1cGRhdGUiOjEyMDAwMDAwMDAwMH19",
          "dependencies": [
            "aws_route_table.terraform-private",
            "aws_subnet.private-subnets",
            "aws_vpc.default"
          ]
        },
        {
          "index_key": 1,
          "schema_version": 0,
          "attributes": {
            "gateway_id": "",
            "id": "rtbassoc-07163287187616637",
            "route_table_id": "rtb-0745506e8d349c23b",
            "subnet_id": "subnet-0a44422e24cbcc814",
            "timeouts": null
          },
          "sensitive_attributes": [],
          "private": "eyJlMmJmYjczMC1lY2FhLTExZTYtOGY4OC0zNDM2M2JjN2M0YzAiOnsiY3JlYXRlIjozMDAwMDAwMDAwMDAsImRlbGV0ZSI6MzAwMDAwMDAwMDAwLCJ1cGRhdGUiOjEyMDAwMDAwMDAwMH19",
          "dependencies": [
            "aws_route_table.terraform-private",
            "aws_subnet.private-subnets",
            "aws_vpc.default"
          ]
        },
        {
          "index_key": 2,
          "schema_version": 0,
          "attributes": {
            "gateway_id": "",
            "id": "rtbassoc-01bc4cf4f2006e079",
            "route_table_id": "rtb-0745506e8d349c23b",
            "subnet_id": "subnet-0f911dbb93ac85428",
            "timeouts": null
          },
          "sensitive_attributes": [],
          "private": "eyJlMmJmYjczMC1lY2FhLTExZTYtOGY4OC0zNDM2M2JjN2M0YzAiOnsiY3JlYXRlIjozMDAwMDAwMDAwMDAsImRlbGV0ZSI6MzAwMDAwMDAwMDAwLCJ1cGRhdGUiOjEyMDAwMDAwMDAwMH19",
          "dependencies": [
            "aws_route_table.terraform-private",
            "aws_subnet.private-subnets",
            "aws_vpc.default"
          ]
        }
      ]
    },
    {
      "mode": "managed",
      "type": "aws_route_table_association",
      "name": "terraform-public",
      "provider": "provider[\"registry.terraform.io/hashicorp/aws\"]",
      "instances": [
        {
          "index_key": 0,
          "schema_version": 0,
          "attributes": {
            "gateway_id": "",
            "id": "rtbassoc-0136439598e88f927",
            "route_table_id": "rtb-0078d0d1cc0218984",
            "subnet_id": "subnet-0874cb7c4c76e838f",
            "timeouts": null
          },
          "sensitive_attributes": [],
          "private": "eyJlMmJmYjczMC1lY2FhLTExZTYtOGY4OC0zNDM2M2JjN2M0YzAiOnsiY3JlYXRlIjozMDAwMDAwMDAwMDAsImRlbGV0ZSI6MzAwMDAwMDAwMDAwLCJ1cGRhdGUiOjEyMDAwMDAwMDAwMH19",
          "dependencies": [
            "aws_internet_gateway.default",
            "aws_route_table.terraform-public",
            "aws_subnet.public-subnets",
            "aws_vpc.default"
          ]
        },
        {
          "index_key": 1,
          "schema_version": 0,
          "attributes": {
            "gateway_id": "",
            "id": "rtbassoc-0bd29809eeb994f6b",
            "route_table_id": "rtb-0078d0d1cc0218984",
            "subnet_id": "subnet-017582eee28d76ef7",
            "timeouts": null
          },
          "sensitive_attributes": [],
          "private": "eyJlMmJmYjczMC1lY2FhLTExZTYtOGY4OC0zNDM2M2JjN2M0YzAiOnsiY3JlYXRlIjozMDAwMDAwMDAwMDAsImRlbGV0ZSI6MzAwMDAwMDAwMDAwLCJ1cGRhdGUiOjEyMDAwMDAwMDAwMH19",
          "dependencies": [
            "aws_internet_gateway.default",
            "aws_route_table.terraform-public",
            "aws_subnet.public-subnets",
            "aws_vpc.default"
          ]
        },
        {
          "index_key": 2,
          "schema_version": 0,
          "attributes": {
            "gateway_id": "",
            "id": "rtbassoc-0eac0e2ac5811541d",
            "route_table_id": "rtb-0078d0d1cc0218984",
            "subnet_id": "subnet-04947941284a16acf",
            "timeouts": null
          },
          "sensitive_attributes": [],
          "private": "eyJlMmJmYjczMC1lY2FhLTExZTYtOGY4OC0zNDM2M2JjN2M0YzAiOnsiY3JlYXRlIjozMDAwMDAwMDAwMDAsImRlbGV0ZSI6MzAwMDAwMDAwMDAwLCJ1cGRhdGUiOjEyMDAwMDAwMDAwMH19",
          "dependencies": [
            "aws_internet_gateway.default",
            "aws_route_table.terraform-public",
            "aws_subnet.public-subnets",
            "aws_vpc.default"
          ]
        }
      ]
    },
    {
      "mode": "managed",
      "type": "aws_security_group",
      "name": "allow_all",
      "provider": "provider[\"registry.terraform.io/hashicorp/aws\"]",
      "instances": [
        {
          "schema_version": 1,
          "attributes": {
            "arn": "arn:aws:ec2:us-east-1:431734419849:security-group/sg-01009f9cb580d1062",
            "description": "Allow all inbound traffic",
            "egress": [
              {
                "cidr_blocks": [
                  "0.0.0.0/0"
                ],
                "description": "",
                "from_port": 0,
                "ipv6_cidr_blocks": [],
                "prefix_list_ids": [],
                "protocol": "-1",
                "security_groups": [],
                "self": false,
                "to_port": 0
              }
            ],
            "id": "sg-01009f9cb580d1062",
            "ingress": [
              {
                "cidr_blocks": [
                  "0.0.0.0/0"
                ],
                "description": "",
                "from_port": 0,
                "ipv6_cidr_blocks": [],
                "prefix_list_ids": [],
                "protocol": "-1",
                "security_groups": [],
                "self": false,
                "to_port": 0
              },
              {
                "cidr_blocks": [
                  "10.1.1.0/32"
                ],
                "description": "",
                "from_port": 22,
                "ipv6_cidr_blocks": [],
                "prefix_list_ids": [],
                "protocol": "tcp",
                "security_groups": [],
                "self": false,
                "to_port": 22
              },
              {
                "cidr_blocks": [
                  "10.1.1.0/32"
                ],
                "description": "",
                "from_port": 3389,
                "ipv6_cidr_blocks": [],
                "prefix_list_ids": [],
                "protocol": "tcp",
                "security_groups": [],
                "self": false,
                "to_port": 3389
              },
              {
                "cidr_blocks": [
                  "10.2.1.0/32"
                ],
                "description": "",
                "from_port": 3306,
                "ipv6_cidr_blocks": [],
                "prefix_list_ids": [],
                "protocol": "tcp",
                "security_groups": [],
                "self": false,
                "to_port": 3306
              }
            ],
            "name": "allow_all",
            "name_prefix": "",
            "owner_id": "431734419849",
            "revoke_rules_on_delete": false,
            "tags": {},
            "tags_all": {},
            "timeouts": null,
            "vpc_id": "vpc-0f57ab910dc5fe342"
          },
          "sensitive_attributes": [],
          "private": "eyJlMmJmYjczMC1lY2FhLTExZTYtOGY4OC0zNDM2M2JjN2M0YzAiOnsiY3JlYXRlIjo2MDAwMDAwMDAwMDAsImRlbGV0ZSI6OTAwMDAwMDAwMDAwfSwic2NoZW1hX3ZlcnNpb24iOiIxIn0=",
          "dependencies": [
            "aws_vpc.default"
          ]
        }
      ]
    },
    {
      "mode": "managed",
      "type": "aws_subnet",
      "name": "private-subnets",
      "provider": "provider[\"registry.terraform.io/hashicorp/aws\"]",
      "instances": [
        {
          "index_key": 0,
          "schema_version": 1,
          "attributes": {
            "arn": "arn:aws:ec2:us-east-1:431734419849:subnet/subnet-0d89fb5a3f9bdf909",
            "assign_ipv6_address_on_creation": false,
            "availability_zone": "us-east-1a",
            "availability_zone_id": "use1-az1",
            "cidr_block": "10.35.10.0/24",
            "customer_owned_ipv4_pool": "",
            "enable_dns64": false,
            "enable_lni_at_device_index": 0,
            "enable_resource_name_dns_a_record_on_launch": false,
            "enable_resource_name_dns_aaaa_record_on_launch": false,
            "id": "subnet-0d89fb5a3f9bdf909",
            "ipv6_cidr_block": "",
            "ipv6_cidr_block_association_id": "",
            "ipv6_native": false,
            "map_customer_owned_ip_on_launch": false,
            "map_public_ip_on_launch": false,
            "outpost_arn": "",
            "owner_id": "431734419849",
            "private_dns_hostname_type_on_launch": "ip-name",
            "tags": {
              "Env": "production",
              "Name": "DevSecOpsB35-PrivateSubnet-1",
              "ProjectID": "devsecopsb35-phoenix-123",
              "Terraform-Managed": "Yes"
            },
            "tags_all": {
              "Env": "production",
              "Name": "DevSecOpsB35-PrivateSubnet-1",
              "ProjectID": "devsecopsb35-phoenix-123",
              "Terraform-Managed": "Yes"
            },
            "timeouts": null,
            "vpc_id": "vpc-0f57ab910dc5fe342"
          },
          "sensitive_attributes": [],
          "private": "eyJlMmJmYjczMC1lY2FhLTExZTYtOGY4OC0zNDM2M2JjN2M0YzAiOnsiY3JlYXRlIjo2MDAwMDAwMDAwMDAsImRlbGV0ZSI6MTIwMDAwMDAwMDAwMH0sInNjaGVtYV92ZXJzaW9uIjoiMSJ9",
          "dependencies": [
            "aws_vpc.default"
          ]
        },
        {
          "index_key": 1,
          "schema_version": 1,
          "attributes": {
            "arn": "arn:aws:ec2:us-east-1:431734419849:subnet/subnet-0a44422e24cbcc814",
            "assign_ipv6_address_on_creation": false,
            "availability_zone": "us-east-1b",
            "availability_zone_id": "use1-az2",
            "cidr_block": "10.35.20.0/24",
            "customer_owned_ipv4_pool": "",
            "enable_dns64": false,
            "enable_lni_at_device_index": 0,
            "enable_resource_name_dns_a_record_on_launch": false,
            "enable_resource_name_dns_aaaa_record_on_launch": false,
            "id": "subnet-0a44422e24cbcc814",
            "ipv6_cidr_block": "",
            "ipv6_cidr_block_association_id": "",
            "ipv6_native": false,
            "map_customer_owned_ip_on_launch": false,
            "map_public_ip_on_launch": false,
            "outpost_arn": "",
            "owner_id": "431734419849",
            "private_dns_hostname_type_on_launch": "ip-name",
            "tags": {
              "Env": "production",
              "Name": "DevSecOpsB35-PrivateSubnet-2",
              "ProjectID": "devsecopsb35-phoenix-123",
              "Terraform-Managed": "Yes"
            },
            "tags_all": {
              "Env": "production",
              "Name": "DevSecOpsB35-PrivateSubnet-2",
              "ProjectID": "devsecopsb35-phoenix-123",
              "Terraform-Managed": "Yes"
            },
            "timeouts": null,
            "vpc_id": "vpc-0f57ab910dc5fe342"
          },
          "sensitive_attributes": [],
          "private": "eyJlMmJmYjczMC1lY2FhLTExZTYtOGY4OC0zNDM2M2JjN2M0YzAiOnsiY3JlYXRlIjo2MDAwMDAwMDAwMDAsImRlbGV0ZSI6MTIwMDAwMDAwMDAwMH0sInNjaGVtYV92ZXJzaW9uIjoiMSJ9",
          "dependencies": [
            "aws_vpc.default"
          ]
        },
        {
          "index_key": 2,
          "schema_version": 1,
          "attributes": {
            "arn": "arn:aws:ec2:us-east-1:431734419849:subnet/subnet-0f911dbb93ac85428",
            "assign_ipv6_address_on_creation": false,
            "availability_zone": "us-east-1c",
            "availability_zone_id": "use1-az4",
            "cidr_block": "10.35.30.0/24",
            "customer_owned_ipv4_pool": "",
            "enable_dns64": false,
            "enable_lni_at_device_index": 0,
            "enable_resource_name_dns_a_record_on_launch": false,
            "enable_resource_name_dns_aaaa_record_on_launch": false,
            "id": "subnet-0f911dbb93ac85428",
            "ipv6_cidr_block": "",
            "ipv6_cidr_block_association_id": "",
            "ipv6_native": false,
            "map_customer_owned_ip_on_launch": false,
            "map_public_ip_on_launch": false,
            "outpost_arn": "",
            "owner_id": "431734419849",
            "private_dns_hostname_type_on_launch": "ip-name",
            "tags": {
              "Env": "production",
              "Name": "DevSecOpsB35-PrivateSubnet-3",
              "ProjectID": "devsecopsb35-phoenix-123",
              "Terraform-Managed": "Yes"
            },
            "tags_all": {
              "Env": "production",
              "Name": "DevSecOpsB35-PrivateSubnet-3",
              "ProjectID": "devsecopsb35-phoenix-123",
              "Terraform-Managed": "Yes"
            },
            "timeouts": null,
            "vpc_id": "vpc-0f57ab910dc5fe342"
          },
          "sensitive_attributes": [],
          "private": "eyJlMmJmYjczMC1lY2FhLTExZTYtOGY4OC0zNDM2M2JjN2M0YzAiOnsiY3JlYXRlIjo2MDAwMDAwMDAwMDAsImRlbGV0ZSI6MTIwMDAwMDAwMDAwMH0sInNjaGVtYV92ZXJzaW9uIjoiMSJ9",
          "dependencies": [
            "aws_vpc.default"
          ]
        }
      ]
    },
    {
      "mode": "managed",
      "type": "aws_subnet",
      "name": "public-subnets",
      "provider": "provider[\"registry.terraform.io/hashicorp/aws\"]",
      "instances": [
        {
          "index_key": 0,
          "schema_version": 1,
          "attributes": {
            "arn": "arn:aws:ec2:us-east-1:431734419849:subnet/subnet-0874cb7c4c76e838f",
            "assign_ipv6_address_on_creation": false,
            "availability_zone": "us-east-1a",
            "availability_zone_id": "use1-az1",
            "cidr_block": "10.35.1.0/24",
            "customer_owned_ipv4_pool": "",
            "enable_dns64": false,
            "enable_lni_at_device_index": 0,
            "enable_resource_name_dns_a_record_on_launch": false,
            "enable_resource_name_dns_aaaa_record_on_launch": false,
            "id": "subnet-0874cb7c4c76e838f",
            "ipv6_cidr_block": "",
            "ipv6_cidr_block_association_id": "",
            "ipv6_native": false,
            "map_customer_owned_ip_on_launch": false,
            "map_public_ip_on_launch": false,
            "outpost_arn": "",
            "owner_id": "431734419849",
            "private_dns_hostname_type_on_launch": "ip-name",
            "tags": {
              "Env": "production",
              "Name": "DevSecOpsB35-PublicSubnet-1",
              "ProjectID": "devsecopsb35-phoenix-123",
              "Terraform-Managed": "Yes"
            },
            "tags_all": {
              "Env": "production",
              "Name": "DevSecOpsB35-PublicSubnet-1",
              "ProjectID": "devsecopsb35-phoenix-123",
              "Terraform-Managed": "Yes"
            },
            "timeouts": null,
            "vpc_id": "vpc-0f57ab910dc5fe342"
          },
          "sensitive_attributes": [],
          "private": "eyJlMmJmYjczMC1lY2FhLTExZTYtOGY4OC0zNDM2M2JjN2M0YzAiOnsiY3JlYXRlIjo2MDAwMDAwMDAwMDAsImRlbGV0ZSI6MTIwMDAwMDAwMDAwMH0sInNjaGVtYV92ZXJzaW9uIjoiMSJ9",
          "dependencies": [
            "aws_vpc.default"
          ]
        },
        {
          "index_key": 1,
          "schema_version": 1,
          "attributes": {
            "arn": "arn:aws:ec2:us-east-1:431734419849:subnet/subnet-017582eee28d76ef7",
            "assign_ipv6_address_on_creation": false,
            "availability_zone": "us-east-1b",
            "availability_zone_id": "use1-az2",
            "cidr_block": "10.35.2.0/24",
            "customer_owned_ipv4_pool": "",
            "enable_dns64": false,
            "enable_lni_at_device_index": 0,
            "enable_resource_name_dns_a_record_on_launch": false,
            "enable_resource_name_dns_aaaa_record_on_launch": false,
            "id": "subnet-017582eee28d76ef7",
            "ipv6_cidr_block": "",
            "ipv6_cidr_block_association_id": "",
            "ipv6_native": false,
            "map_customer_owned_ip_on_launch": false,
            "map_public_ip_on_launch": false,
            "outpost_arn": "",
            "owner_id": "431734419849",
            "private_dns_hostname_type_on_launch": "ip-name",
            "tags": {
              "Env": "production",
              "Name": "DevSecOpsB35-PublicSubnet-2",
              "ProjectID": "devsecopsb35-phoenix-123",
              "Terraform-Managed": "Yes"
            },
            "tags_all": {
              "Env": "production",
              "Name": "DevSecOpsB35-PublicSubnet-2",
              "ProjectID": "devsecopsb35-phoenix-123",
              "Terraform-Managed": "Yes"
            },
            "timeouts": null,
            "vpc_id": "vpc-0f57ab910dc5fe342"
          },
          "sensitive_attributes": [],
          "private": "eyJlMmJmYjczMC1lY2FhLTExZTYtOGY4OC0zNDM2M2JjN2M0YzAiOnsiY3JlYXRlIjo2MDAwMDAwMDAwMDAsImRlbGV0ZSI6MTIwMDAwMDAwMDAwMH0sInNjaGVtYV92ZXJzaW9uIjoiMSJ9",
          "dependencies": [
            "aws_vpc.default"
          ]
        },
        {
          "index_key": 2,
          "schema_version": 1,
          "attributes": {
            "arn": "arn:aws:ec2:us-east-1:431734419849:subnet/subnet-04947941284a16acf",
            "assign_ipv6_address_on_creation": false,
            "availability_zone": "us-east-1c",
            "availability_zone_id": "use1-az4",
            "cidr_block": "10.35.3.0/24",
            "customer_owned_ipv4_pool": "",
            "enable_dns64": false,
            "enable_lni_at_device_index": 0,
            "enable_resource_name_dns_a_record_on_launch": false,
            "enable_resource_name_dns_aaaa_record_on_launch": false,
            "id": "subnet-04947941284a16acf",
            "ipv6_cidr_block": "",
            "ipv6_cidr_block_association_id": "",
            "ipv6_native": false,
            "map_customer_owned_ip_on_launch": false,
            "map_public_ip_on_launch": false,
            "outpost_arn": "",
            "owner_id": "431734419849",
            "private_dns_hostname_type_on_launch": "ip-name",
            "tags": {
              "Env": "production",
              "Name": "DevSecOpsB35-PublicSubnet-3",
              "ProjectID": "devsecopsb35-phoenix-123",
              "Terraform-Managed": "Yes"
            },
            "tags_all": {
              "Env": "production",
              "Name": "DevSecOpsB35-PublicSubnet-3",
              "ProjectID": "devsecopsb35-phoenix-123",
              "Terraform-Managed": "Yes"
            },
            "timeouts": null,
            "vpc_id": "vpc-0f57ab910dc5fe342"
          },
          "sensitive_attributes": [],
          "private": "eyJlMmJmYjczMC1lY2FhLTExZTYtOGY4OC0zNDM2M2JjN2M0YzAiOnsiY3JlYXRlIjo2MDAwMDAwMDAwMDAsImRlbGV0ZSI6MTIwMDAwMDAwMDAwMH0sInNjaGVtYV92ZXJzaW9uIjoiMSJ9",
          "dependencies": [
            "aws_vpc.default"
          ]
        }
      ]
    },
    {
      "mode": "managed",
      "type": "aws_vpc",
      "name": "default",
      "provider": "provider[\"registry.terraform.io/hashicorp/aws\"]",
      "instances": [
        {
          "schema_version": 1,
          "attributes": {
            "arn": "arn:aws:ec2:us-east-1:431734419849:vpc/vpc-0f57ab910dc5fe342",
            "assign_generated_ipv6_cidr_block": false,
            "cidr_block": "10.35.0.0/16",
            "default_network_acl_id": "acl-05ac9d598daaf187e",
            "default_route_table_id": "rtb-0153f66d8dac42d60",
            "default_security_group_id": "sg-0db25396285e5b2af",
            "dhcp_options_id": "dopt-06804edc1f254429e",
            "enable_dns_hostnames": true,
            "enable_dns_support": true,
            "enable_network_address_usage_metrics": false,
            "id": "vpc-0f57ab910dc5fe342",
            "instance_tenancy": "default",
            "ipv4_ipam_pool_id": null,
            "ipv4_netmask_length": null,
            "ipv6_association_id": "",
            "ipv6_cidr_block": "",
            "ipv6_cidr_block_network_border_group": "",
            "ipv6_ipam_pool_id": "",
            "ipv6_netmask_length": 0,
            "main_route_table_id": "rtb-0153f66d8dac42d60",
            "owner_id": "431734419849",
            "tags": {
              "Name": "DevSecOpsB35",
              "Owner": "Sreeharsha Veerapalli",
              "ProjectID": "devsecopsb35-phoenix-123",
              "Terraform-Managed": "Yes",
              "environment": "production"
            },
            "tags_all": {
              "Name": "DevSecOpsB35",
              "Owner": "Sreeharsha Veerapalli",
              "ProjectID": "devsecopsb35-phoenix-123",
              "Terraform-Managed": "Yes",
              "environment": "production"
            }
          },
          "sensitive_attributes": [],
          "private": "eyJzY2hlbWFfdmVyc2lvbiI6IjEifQ=="
        }
      ]
    },
    {
      "mode": "managed",
      "type": "aws_vpc_peering_connection",
      "name": "foo",
      "provider": "provider[\"registry.terraform.io/hashicorp/aws\"]",
      "instances": [
        {
          "schema_version": 0,
          "attributes": {
            "accept_status": "active",
            "accepter": [
              {
                "allow_remote_vpc_dns_resolution": true
              }
            ],
            "auto_accept": true,
            "id": "pcx-0ec26e006974805d3",
            "peer_owner_id": "431734419849",
            "peer_region": "us-east-1",
            "peer_vpc_id": "vpc-04ff6b7616ee32e53",
            "requester": [
              {
                "allow_remote_vpc_dns_resolution": true
              }
            ],
            "tags": {
              "Name": "Ansible-DevSecOpsB35-Peering"
            },
            "tags_all": {
              "Name": "Ansible-DevSecOpsB35-Peering"
            },
            "timeouts": null,
            "vpc_id": "vpc-0f57ab910dc5fe342"
          },
          "sensitive_attributes": [],
          "private": "eyJlMmJmYjczMC1lY2FhLTExZTYtOGY4OC0zNDM2M2JjN2M0YzAiOnsiY3JlYXRlIjo2MDAwMDAwMDAwMCwiZGVsZXRlIjo2MDAwMDAwMDAwMCwidXBkYXRlIjo2MDAwMDAwMDAwMH19",
          "dependencies": [
            "aws_vpc.default",
            "data.aws_vpc.ansible_vpc"
          ]
        }
      ]
    },
    {
      "mode": "managed",
      "type": "local_file",
      "name": "ansible-inventory-file",
      "provider": "provider[\"registry.terraform.io/hashicorp/local\"]",
      "instances": [
        {
          "schema_version": 0,
          "attributes": {
            "content": "[publicserversip]\nserver01 ansible_port=22 ansible_host=3.239.42.65  ansible_user=ubuntu ansible_ssh_private_key_file=/root/ansibleadmin.pem \nserver02 ansible_port=22 ansible_host=54.226.209.133 ansible_user=ubuntu ansible_ssh_private_key_file=/root/ansibleadmin.pem\nserver03 ansible_port=22 ansible_host=3.95.211.96 ansible_user=ubuntu ansible_ssh_private_key_file=/root/ansibleadmin.pem\n\n[privateserversip]\ntestserver01 ansible_port=22 ansible_host=10.35.1.194  ansible_user=ubuntu ansible_ssh_private_key_file=/root/ansibleadmin.pem \ntestserver02 ansible_port=22 ansible_host=10.35.2.114 ansible_user=ubuntu ansible_ssh_private_key_file=/root/ansibleadmin.pem\ntestserver03 ansible_port=22 ansible_host=10.35.3.184 ansible_user=ubuntu ansible_ssh_private_key_file=/root/ansibleadmin.pem\n\n\n[publicips]\n3.239.42.65\n54.226.209.133\n3.95.211.96",
            "content_base64": null,
            "content_base64sha256": "3478FevAVrgL74veFy5xK1hLB41nQhC9vPD7wsmFyys=",
            "content_base64sha512": "wVGhWlQX3icVTuWBYbPx2cETDkxSFM7onpvLhLhper7Or++FRx9iGweTf6u04io/BaATz4MeY0X3YiQ9DTom/A==",
            "content_md5": "bd78e02ce1aac7940ad8a1c5037d25b2",
            "content_sha1": "671b9dbb8f6b17347af3b01c2a176bcbff146d94",
            "content_sha256": "df8efc15ebc056b80bef8bde172e712b584b078d674210bdbcf0fbc2c985cb2b",
            "content_sha512": "c151a15a5417de27154ee58161b3f1d9c1130e4c5214cee89e9bcb84b8697abeceafef85471f621b07937fabb4e22a3f05a013cf831e6345f762243d0d3a26fc",
            "directory_permission": "0777",
            "file_permission": "0777",
            "filename": "./invfile",
            "id": "671b9dbb8f6b17347af3b01c2a176bcbff146d94",
            "sensitive_content": null,
            "source": null
          },
          "sensitive_attributes": [],
          "dependencies": [
            "aws_instance.webservers",
            "aws_security_group.allow_all",
            "aws_subnet.public-subnets",
            "aws_vpc.default"
          ]
        }
      ]
    }
  ],
  "check_results": null
}
